{
  "name": "pinball",
  "version": "1.0.0",
  "lockfileVersion": 1,
  "requires": true,
  "dependencies": {
    "matter-js": {
      "version": "0.14.2",
      "resolved": "https://registry.npm.taobao.org/matter-js/download/matter-js-0.14.2.tgz",
      "integrity": "sha1-gWmvngb9w1a6nnK0liTrMpg5iDs="
    }
  }
}
